
Microsoft Visual Studio Solution File, Format Version 12.00
# Visual Studio 15
VisualStudioVersion = 15.0.28307.136
MinimumVisualStudioVersion = 10.0.40219.1
Project("{FAE04EC0-301F-11D3-BF4B-00C04F79EFBC}") = "BELSHIFA", "BELSHIFA\BELSHIFA.csproj", "{A9678690-DCC1-4FAE-BE1A-E1A285CD23D0}"
EndProject
Global
	GlobalSection(SolutionConfigurationPlatforms) = preSolution
		Debug|Any CPU = Debug|Any CPU
		Release|Any CPU = Release|Any CPU
	EndGlobalSection
	GlobalSection(ProjectConfigurationPlatforms) = postSolution
		{A9678690-DCC1-4FAE-BE1A-E1A285CD23D0}.Debug|Any CPU.ActiveCfg = Debug|Any CPU
		{A9678690-DCC1-4FAE-BE1A-E1A285CD23D0}.Debug|Any CPU.Build.0 = Debug|Any CPU
		{A9678690-DCC1-4FAE-BE1A-E1A285CD23D0}.Release|Any CPU.ActiveCfg = Release|Any CPU
		{A9678690-DCC1-4FAE-BE1A-E1A285CD23D0}.Release|Any CPU.Build.0 = Release|Any CPU
	EndGlobalSection
	GlobalSection(SolutionProperties) = preSolution
		HideSolutionNode = FALSE
	EndGlobalSection
	GlobalSection(ExtensibilityGlobals) = postSolution
		SolutionGuid = {054BA08B-9D3D-46C9-A7E8-626B20FCEC8E}
	EndGlobalSection
EndGlobal
